dependencies:
- name: common
  repository: oci://ghcr.io/axivo/charts/library
  version: 1.0.1
- name: sealed-secrets
  repository: https://bitnami-labs.github.io/sealed-secrets
  version: 2.17.2
digest: sha256:96c00cd0c3f286bacc694e150da10347d1676091d56b6f4e40660bc8dcbe2c73
generated: "2025-05-13T01:27:14.592313855Z"
